
Microsoft Visual Studio Solution File, Format Version 12.00
# Visual Studio Version 16
VisualStudioVersion = 16.0.32602.291
MinimumVisualStudioVersion = 10.0.40219.1
Project("{FAE04EC0-301F-11D3-BF4B-00C04F79EFBC}") = "ScramblePuzzleSolver", "ScramblePuzzleSolver.csproj", "{B59ADC62-C4E1-459E-BFB5-0A674B1CFF51}"
EndProject
Global
	GlobalSection(SolutionConfigurationPlatforms) = preSolution
		Debug|Any CPU = Debug|Any CPU
		Release|Any CPU = Release|Any CPU
	EndGlobalSection
	GlobalSection(ProjectConfigurationPlatforms) = postSolution
		{B59ADC62-C4E1-459E-BFB5-0A674B1CFF51}.Debug|Any CPU.ActiveCfg = Debug|Any CPU
		{B59ADC62-C4E1-459E-BFB5-0A674B1CFF51}.Debug|Any CPU.Build.0 = Debug|Any CPU
		{B59ADC62-C4E1-459E-BFB5-0A674B1CFF51}.Release|Any CPU.ActiveCfg = Release|Any CPU
		{B59ADC62-C4E1-459E-BFB5-0A674B1CFF51}.Release|Any CPU.Build.0 = Release|Any CPU
	EndGlobalSection
	GlobalSection(SolutionProperties) = preSolution
		HideSolutionNode = FALSE
	EndGlobalSection
	GlobalSection(ExtensibilityGlobals) = postSolution
		SolutionGuid = {7EFE67EA-1781-4D86-B048-D20B3F72F01E}
	EndGlobalSection
EndGlobal
